
Microsoft Visual Studio Solution File, Format Version 12.00
# Visual Studio Version 16
VisualStudioVersion = 16.0.30804.86
MinimumVisualStudioVersion = 10.0.40219.1
Project("{FAE04EC0-301F-11D3-BF4B-00C04F79EFBC}") = "SE1421_Project", "SE1421_Project\SE1421_Project.csproj", "{719A40D8-D20F-4071-9A4B-378AD01F7661}"
EndProject
Project("{FAE04EC0-301F-11D3-BF4B-00C04F79EFBC}") = "Entity", "Entity\Entity.csproj", "{13F07D82-4D5D-4AD8-8596-652139441127}"
EndProject
Project("{FAE04EC0-301F-11D3-BF4B-00C04F79EFBC}") = "DAL", "DAL\DAL.csproj", "{B95DB529-A58C-4DCC-BD98-3CF1EF90BD53}"
EndProject
Global
	GlobalSection(SolutionConfigurationPlatforms) = preSolution
		Debug|Any CPU = Debug|Any CPU
		Release|Any CPU = Release|Any CPU
	EndGlobalSection
	GlobalSection(ProjectConfigurationPlatforms) = postSolution
		{719A40D8-D20F-4071-9A4B-378AD01F7661}.Debug|Any CPU.ActiveCfg = Debug|Any CPU
		{719A40D8-D20F-4071-9A4B-378AD01F7661}.Debug|Any CPU.Build.0 = Debug|Any CPU
		{719A40D8-D20F-4071-9A4B-378AD01F7661}.Release|Any CPU.ActiveCfg = Release|Any CPU
		{719A40D8-D20F-4071-9A4B-378AD01F7661}.Release|Any CPU.Build.0 = Release|Any CPU
		{13F07D82-4D5D-4AD8-8596-652139441127}.Debug|Any CPU.ActiveCfg = Debug|Any CPU
		{13F07D82-4D5D-4AD8-8596-652139441127}.Debug|Any CPU.Build.0 = Debug|Any CPU
		{13F07D82-4D5D-4AD8-8596-652139441127}.Release|Any CPU.ActiveCfg = Release|Any CPU
		{13F07D82-4D5D-4AD8-8596-652139441127}.Release|Any CPU.Build.0 = Release|Any CPU
		{B95DB529-A58C-4DCC-BD98-3CF1EF90BD53}.Debug|Any CPU.ActiveCfg = Debug|Any CPU
		{B95DB529-A58C-4DCC-BD98-3CF1EF90BD53}.Debug|Any CPU.Build.0 = Debug|Any CPU
		{B95DB529-A58C-4DCC-BD98-3CF1EF90BD53}.Release|Any CPU.ActiveCfg = Release|Any CPU
		{B95DB529-A58C-4DCC-BD98-3CF1EF90BD53}.Release|Any CPU.Build.0 = Release|Any CPU
	EndGlobalSection
	GlobalSection(SolutionProperties) = preSolution
		HideSolutionNode = FALSE
	EndGlobalSection
	GlobalSection(ExtensibilityGlobals) = postSolution
		SolutionGuid = {F3142D94-BEB2-4636-B4B7-45EF6656D236}
	EndGlobalSection
EndGlobal
